// !$*UTF8*$!
{
	archiveVersion = 1;
	classes = {
	};
	objectVersion = 46;
	objects = {

/* Begin PBXBuildFile section */
		828D3C2D1C4D099200933114 /* AppDelegate.swift in Sources */ = {isa = PBXBuildFile; fileRef = 828D3C2C1C4D099200933114 /* AppDelegate.swift */; };
		828D3C2F1C4D099200933114 /* ViewController.swift in Sources */ = {isa = PBXBuildFile; fileRef = 828D3C2E1C4D099200933114 /* ViewController.swift */; };
		828D3C321C4D099200933114 /* Main.storyboard in Resources */ = {isa = PBXBuildFile; fileRef = 828D3C301C4D099200933114 /* Main.storyboard */; };
		828D3C341C4D099200933114 /* Assets.xcassets in Resources */ = {isa = PBXBuildFile; fileRef = 828D3C331C4D099200933114 /* Assets.xcassets */; };
		828D3C371C4D099200933114 /* LaunchScreen.storyboard in Resources */ = {isa = PBXBuildFile; fileRef = 828D3C351C4D099200933114 /* LaunchScreen.storyboard */; };
/* End PBXBuildFile section */

/* Begin PBXFileReference section */
		828D3C291C4D099200933114 /* PeticionJSON.app */ = {isa = PBXFileReference; explicitFileType = wrapper.application; includeInIndex = 0; path = PeticionJSON.app; sourceTree = BUILT_PRODUCTS_DIR; };
		828D3C2C1C4D099200933114 /* AppDelegate.swift */ = {isa = PBXFileReference; lastKnownFileType = sourcecode.swift; path = AppDelegate.swift; sourceTree = "<group>"; };
		828D3C2E1C4D099200933114 /* ViewController.swift */ = {isa = PBXFileReference; lastKnownFileType = sourcecode.swift; path = ViewController.swift; sourceTree = "<group>"; };
		828D3C311C4D099200933114 /* Base */ = {isa = PBXFileReference; lastKnownFileType = file.storyboard; name = Base; path = Base.lproj/Main.storyboard; sourceTree = "<group>"; };
		828D3C331C4D099200933114 /* Assets.xcassets */ = {isa = PBXFileReference; lastKnownFileType = folder.assetcatalog; path = Assets.xcassets; sourceTree = "<group>"; };
		828D3C361C4D099200933114 /* Base */ = {isa = PBXFileReference; lastKnownFileType = file.storyboard; name = Base; path = Base.lproj/LaunchScreen.storyboard; sourceTree = "<group>"; };
		828D3C381C4D099200933114 /* Info.plist */ = {isa = PBXFileReference; lastKnownFileType = text.plist.xml; path = Info.plist; sourceTree = "<group>"; };
/* End PBXFileReference section */

/* Begin PBXFrameworksBuildPhase section */
		828D3C261C4D099200933114 /* Frameworks */ = {
			isa = PBXFrameworksBuildPhase;
			buildActionMask = 2147483647;
			files = (
			);
			runOnlyForDeploymentPostprocessing = 0;
		};
/* End PBXFrameworksBuildPhase section */

/* Begin PBXGroup section */
		828D3C201C4D099200933114 = {
			isa = PBXGroup;
			children = (
				828D3C2B1C4D099200933114 /* PeticionJSON */,
				828D3C2A1C4D099200933114 /* Products */,
			);
			sourceTree = "<group>";
		};
		828D3C2A1C4D099200933114 /* Products */ = {
			isa = PBXGroup;
			children = (
				828D3C291C4D099200933114 /* PeticionJSON.app */,
			);
			name = Products;
			sourceTree = "<group>";
		};
		828D3C2B1C4D099200933114 /* PeticionJSON */ = {
			isa = PBXGroup;
			children = (
				828D3C2C1C4D099200933114 /* AppDelegate.swift */,
				828D3C2E1C4D099200933114 /* ViewController.swift */,
				828D3C301C4D099200933114 /* Main.storyboard */,
				828D3C331C4D099200933114 /* Assets.xcassets */,
				828D3C351C4D099200933114 /* LaunchScreen.storyboard */,
				828D3C381C4D099200933114 /* Info.plist */,
			);
			path = PeticionJSON;
			sourceTree = "<group>";
		};
/* End PBXGroup section */

/* Begin PBXNativeTarget section */
		828D3C281C4D099200933114 /* PeticionJSON */ = {
			isa = PBXNativeTarget;
			buildConfigurationList = 828D3C3B1C4D099200933114 /* Build configuration list for PBXNativeTarget "PeticionJSON" */;
			buildPhases = (
				828D3C251C4D099200933114 /* Sources */,
				828D3C261C4D099200933114 /* Frameworks */,
				828D3C271C4D099200933114 /* Resources */,
			);
			buildRules = (
			);
			dependencies = (
			);
			name = PeticionJSON;
			productName = PeticionJSON;
			productReference = 828D3C291C4D099200933114 /* PeticionJSON.app */;
			productType = "com.apple.product-type.application";
		};
/* End PBXNativeTarget section */

/* Begin PBXProject section */
		828D3C211C4D099200933114 /* Project object */ = {
			isa = PBXProject;
			attributes = {
				LastSwiftUpdateCheck = 0720;
				LastUpgradeCheck = 0720;
				ORGANIZATIONNAME = "ai2-upv";
				TargetAttributes = {
					828D3C281C4D099200933114 = {
						CreatedOnToolsVersion = 7.2;
						DevelopmentTeam = ES5F8E7C9U;
					};
				};
			};
			buildConfigurationList = 828D3C241C4D099200933114 /* Build configuration list for PBXProject "PeticionJSON" */;
			compatibilityVersion = "Xcode 3.2";
			developmentRegion = English;
			hasScannedForEncodings = 0;
			knownRegions = (
				en,
				Base,
			);
			mainGroup = 828D3C201C4D099200933114;
			productRefGroup = 828D3C2A1C4D099200933114 /* Products */;
			projectDirPath = "";
			projectRoot = "";
			targets = (
				828D3C281C4D099200933114 /* PeticionJSON */,
			);
		};
/* End PBXProject section */

/* Begin PBXResourcesBuildPhase section */
		828D3C271C4D099200933114 /* Resources */ = {
			isa = PBXResourcesBuildPhase;
			buildActionMask = 2147483647;
			files = (
				828D3C371C4D099200933114 /* LaunchScreen.storyboard in Resources */,
				828D3C341C4D099200933114 /* Assets.xcassets in Resources */,
				828D3C321C4D099200933114 /* Main.storyboard in Resources */,
			);
			runOnlyForDeploymentPostprocessing = 0;
		};
/* End PBXResourcesBuildPhase section */

/* Begin PBXSourcesBuildPhase section */
		828D3C251C4D099200933114 /* Sources */ = {
			isa = PBXSourcesBuildPhase;
			buildActionMask = 2147483647;
			files = (
				828D3C2F1C4D099200933114 /* ViewController.swift in Sources */,
				828D3C2D1C4D099200933114 /* AppDelegate.swift in Sources */,
			);
			runOnlyForDeploymentPostprocessing = 0;
		};
/* End PBXSourcesBuildPhase section */

/* Begin PBXVariantGroup section */
		828D3C301C4D099200933114 /* Main.storyboard */ = {
			isa = PBXVariantGroup;
			children = (
				828D3C311C4D099200933114 /* Base */,
			);
			name = Main.storyboard;
			sourceTree = "<group>";
		};
		828D3C351C4D099200933114 /* LaunchScreen.storyboard */ = {
			isa = PBXVariantGroup;
			children = (
				828D3C361C4D099200933114 /* Base */,
			);
			name = LaunchScreen.storyboard;
			sourceTree = "<group>";
		};
/* End PBXVariantGroup section */

/* Begin XCBuildConfiguration section */
		828D3C391C4D099200933114 /* Debug */ = {
			isa = XCBuildConfiguration;
			buildSettings = {
				ALWAYS_SEARCH_USER_PATHS = NO;
				CLANG_CXX_LANGUAGE_STANDARD = "gnu++0x";
				CLANG_CXX_LIBRARY = "libc++";
				CLANG_ENABLE_MODULES = YES;
				CLANG_ENABLE_OBJC_ARC = YES;
				CLANG_WARN_BOOL_CONVERSION = YES;
				CLANG_WARN_CONSTANT_CONVERSION = YES;
				CLANG_WARN_DIRECT_OBJC_ISA_USAGE = YES_ERROR;
				CLANG_WARN_EMPTY_BODY = YES;
				CLANG_WARN_ENUM_CONVERSION = YES;
				CLANG_WARN_INT_CONVERSION = YES;
				CLANG_WARN_OBJC_ROOT_CLASS = YES_ERROR;
				CLANG_WARN_UNREACHABLE_CODE = YES;
				CLANG_WARN__DUPLICATE_METHOD_MATCH = YES;
				"CODE_SIGN_IDENTITY[sdk=iphoneos*]" = "iPhone Developer";
				COPY_PHASE_STRIP = NO;
				DEBUG_INFORMATION_FORMAT = dwarf;
				ENABLE_STRICT_OBJC_MSGSEND = YES;
				ENABLE_TESTABILITY = YES;
				GCC_C_LANGUAGE_STANDARD = gnu99;
				GCC_DYNAMIC_NO_PIC = NO;
				GCC_NO_COMMON_BLOCKS = YES;
				GCC_OPTIMIZATION_LEVEL = 0;
				GCC_PREPROCESSOR_DEFINITIONS = (
					"DEBUG=1",
					"$(inherited)",
				);
				GCC_WARN_64_TO_32_BIT_CONVERSION = YES;
				GCC_WARN_ABOUT_RETURN_TYPE = YES_ERROR;
				GCC_WARN_UNDECLARED_SELECTOR = YES;
				GCC_WARN_UNINITIALIZED_AUTOS = YES_AGGRESSIVE;
				GCC_WARN_UNUSED_FUNCTION = YES;
				GCC_WARN_UNUSED_VARIABLE = YES;
				IPHONEOS_DEPLOYMENT_TARGET = 9.2;
				MTL_ENABLE_DEBUG_INFO = YES;
				ONLY_ACTIVE_ARCH = YES;
				SDKROOT = iphoneos;
				SWIFT_OPTIMIZATION_LEVEL = "-Onone";
				TARGETED_DEVICE_FAMILY = "1,2";
			};
			name = Debug;
		};
		828D3C3A1C4D099200933114 /* Release */ = {
			isa = XCBuildConfiguration;
			buildSettings = {
				ALWAYS_SEARCH_USER_PATHS = NO;
				CLANG_CXX_LANGUAGE_STANDARD = "gnu++0x";
				CLANG_CXX_LIBRARY = "libc++";
				CLANG_ENABLE_MODULES = YES;
				CLANG_ENABLE_OBJC_ARC = YES;
				CLANG_WARN_BOOL_CONVERSION = YES;
				CLANG_WARN_CONSTANT_CONVERSION = YES;
				CLANG_WARN_DIRECT_OBJC_ISA_USAGE = YES_ERROR;
				CLANG_WARN_EMPTY_BODY = YES;
				CLANG_WARN_ENUM_CONVERSION = YES;
				CLANG_WARN_INT_CONVERSION = YES;
				CLANG_WARN_OBJC_ROOT_CLASS = YES_ERROR;
				CLANG_WARN_UNREACHABLE_CODE = YES;
				CLANG_WARN__DUPLICATE_METHOD_MATCH = YES;
				"CODE_SIGN_IDENTITY[sdk=iphoneos*]" = "iPhone Developer";
				COPY_PHASE_STRIP = NO;
				DEBUG_INFORMATION_FORMAT = "dwarf-with-dsym";
				ENABLE_NS_ASSERTIONS = NO;
				ENABLE_STRICT_OBJC_MSGSEND = YES;
				GCC_C_LANGUAGE_STANDARD = gnu99;
				GCC_NO_COMMON_BLOCKS = YES;
				GCC_WARN_64_TO_32_BIT_CONVERSION = YES;
				GCC_WARN_ABOUT_RETURN_TYPE = YES_ERROR;
				GCC_WARN_UNDECLARED_SELECTOR = YES;
				GCC_WARN_UNINITIALIZED_AUTOS = YES_AGGRESSIVE;
				GCC_WARN_UNUSED_FUNCTION = YES;
				GCC_WARN_UNUSED_VARIABLE = YES;
				IPHONEOS_DEPLOYMENT_TARGET = 9.2;
				MTL_ENABLE_DEBUG_INFO = NO;
				SDKROOT = iphoneos;
				TARGETED_DEVICE_FAMILY = "1,2";
				VALIDATE_PRODUCT = YES;
			};
			name = Release;
		};
		828D3C3C1C4D099200933114 /* Debug */ = {
			isa = XCBuildConfiguration;
			buildSettings = {
				ASSETCATALOG_COMPILER_APPICON_NAME = AppIcon;
				INFOPLIST_FILE = PeticionJSON/Info.plist;
				LD_RUNPATH_SEARCH_PATHS = "$(inherited) @executable_path/Frameworks";
				PRODUCT_BUNDLE_IDENTIFIER = es.upv.ai2.PeticionJSON;
				PRODUCT_NAME = "$(TARGET_NAME)";
			};
			name = Debug;
		};
		828D3C3D1C4D099200933114 /* Release */ = {
			isa = XCBuildConfiguration;
			buildSettings = {
				ASSETCATALOG_COMPILER_APPICON_NAME = AppIcon;
				INFOPLIST_FILE = PeticionJSON/Info.plist;
				LD_RUNPATH_SEARCH_PATHS = "$(inherited) @executable_path/Frameworks";
				PRODUCT_BUNDLE_IDENTIFIER = es.upv.ai2.PeticionJSON;
				PRODUCT_NAME = "$(TARGET_NAME)";
			};
			name = Release;
		};
/* End XCBuildConfiguration section */

/* Begin XCConfigurationList section */
		828D3C241C4D099200933114 /* Build configuration list for PBXProject "PeticionJSON" */ = {
			isa = XCConfigurationList;
			buildConfigurations = (
				828D3C391C4D099200933114 /* Debug */,
				828D3C3A1C4D099200933114 /* Release */,
			);
			defaultConfigurationIsVisible = 0;
			defaultConfigurationName = Release;
		};
		828D3C3B1C4D099200933114 /* Build configuration list for PBXNativeTarget "PeticionJSON" */ = {
			isa = XCConfigurationList;
			buildConfigurations = (
				828D3C3C1C4D099200933114 /* Debug */,
				828D3C3D1C4D099200933114 /* Release */,
			);
			defaultConfigurationIsVisible = 0;
		};
/* End XCConfigurationList section */
	};
	rootObject = 828D3C211C4D099200933114 /* Project object */;
}
